{
  "name": "Dynamic Analysis-agent",
  "version": "1.0.0",
  "lockfileVersion": 3,
  "requires": true,
  "packages": {
    "": {
      "name": "Dynamic Analysis-agent",
      "version": "1.0.0",
      "dependencies": {
        "frida-java-bridge": "^7.0.12"
      },
      "devDependencies": {
        "@types/frida-gum": "^19.0.0",
        "@types/node": "^18.14.0"
      }
    },
    "node_modules/@types/frida-gum": {
      "version": "19.0.2",
      "resolved": "https://registry.npmjs.org/@types/frida-gum/-/frida-gum-19.0.2.tgz",
      "integrity": "sha512-oh/f1r8dIMDWBoziXP3geIJ8ga/siU32MuifBztGsDglOKbHrhS0E3z0Dab0MIe3UFzC4Bvz/GRHfin2LDE8BQ==",
      "dev": true,
      "license": "MIT"
    },
    "node_modules/@types/node": {
      "version": "18.19.130",
      "resolved": "https://registry.npmjs.org/@types/node/-/node-18.19.130.tgz",
      "integrity": "sha512-GRaXQx6jGfL8sKfaIDD6OupbIHBr9jv7Jnaml9tB7l4v068PAOXqfcujMMo5PhbIs6ggR1XODELqahT2R8v0fg==",
      "dev": true,
      "license": "MIT",
      "dependencies": {
        "undici-types": "~5.26.4"
      }
    },
    "node_modules/frida-java-bridge": {
      "version": "7.0.12",
      "resolved": "https://registry.npmjs.org/frida-java-bridge/-/frida-java-bridge-7.0.12.tgz",
      "integrity": "sha512-xpoTFPQkUjNMeRnyZ6rUj/APlYGWpKEv5iekOk4lQeDcv9fv8J/s3ETjTRdSfyZ8/aPv9r8+oBmsxN2gCHRTqg==",
      "license": "LGPL-2.0 WITH WxWindows-exception-3.1"
    },
    "node_modules/undici-types": {
      "version": "5.26.5",
      "resolved": "https://registry.npmjs.org/undici-types/-/undici-types-5.26.5.tgz",
      "integrity": "sha512-JlCMO+ehdEIKqlFxk6IfVoAUVmgz7cU7zD/h9XZ0qzeosSHmUJVOzSQvvYSYWXkFXC+IfLKSIffhv0sVZup6pA==",
      "dev": true,
      "license": "MIT"
    }
  }
}
